
Microsoft Visual Studio Solution File, Format Version 11.00
# Visual Studio 2010
Project("{FAE04EC0-301F-11D3-BF4B-00C04F79EFBC}") = "rabbit_milk", "Assembly-CSharp-firstpass.csproj", "{0C5E4BE4-4AA3-7E79-E224-9FD05600A7B4}"
EndProject
Project("{FAE04EC0-301F-11D3-BF4B-00C04F79EFBC}") = "rabbit_milk", "Assembly-CSharp.csproj", "{7A7ED613-44F5-05AF-ED9E-FBBE4376AEDC}"
EndProject
Project("{FAE04EC0-301F-11D3-BF4B-00C04F79EFBC}") = "rabbit_milk", "Assembly-CSharp-Editor-firstpass.csproj", "{BF8F1376-E7E0-BEDE-DBCB-29D8621A3925}"
EndProject
Global
	GlobalSection(SolutionConfigurationPlatforms) = preSolution
		Debug|Any CPU = Debug|Any CPU
		Release|Any CPU = Release|Any CPU
	EndGlobalSection
	GlobalSection(ProjectConfigurationPlatforms) = postSolution
		{0C5E4BE4-4AA3-7E79-E224-9FD05600A7B4}.Debug|Any CPU.ActiveCfg = Debug|Any CPU
		{0C5E4BE4-4AA3-7E79-E224-9FD05600A7B4}.Debug|Any CPU.Build.0 = Debug|Any CPU
		{0C5E4BE4-4AA3-7E79-E224-9FD05600A7B4}.Release|Any CPU.ActiveCfg = Release|Any CPU
		{0C5E4BE4-4AA3-7E79-E224-9FD05600A7B4}.Release|Any CPU.Build.0 = Release|Any CPU
		{7A7ED613-44F5-05AF-ED9E-FBBE4376AEDC}.Debug|Any CPU.ActiveCfg = Debug|Any CPU
		{7A7ED613-44F5-05AF-ED9E-FBBE4376AEDC}.Debug|Any CPU.Build.0 = Debug|Any CPU
		{7A7ED613-44F5-05AF-ED9E-FBBE4376AEDC}.Release|Any CPU.ActiveCfg = Release|Any CPU
		{7A7ED613-44F5-05AF-ED9E-FBBE4376AEDC}.Release|Any CPU.Build.0 = Release|Any CPU
		{BF8F1376-E7E0-BEDE-DBCB-29D8621A3925}.Debug|Any CPU.ActiveCfg = Debug|Any CPU
		{BF8F1376-E7E0-BEDE-DBCB-29D8621A3925}.Debug|Any CPU.Build.0 = Debug|Any CPU
		{BF8F1376-E7E0-BEDE-DBCB-29D8621A3925}.Release|Any CPU.ActiveCfg = Release|Any CPU
		{BF8F1376-E7E0-BEDE-DBCB-29D8621A3925}.Release|Any CPU.Build.0 = Release|Any CPU
	EndGlobalSection
	GlobalSection(SolutionProperties) = preSolution
		HideSolutionNode = FALSE
	EndGlobalSection
	GlobalSection(MonoDevelopProperties) = preSolution
		StartupItem = Assembly-CSharp.csproj
	EndGlobalSection
EndGlobal
